
Microsoft Visual Studio Solution File, Format Version 12.00
# Visual Studio 15
VisualStudioVersion = 15.0.28307.421
MinimumVisualStudioVersion = 10.0.40219.1
Project("{FAE04EC0-301F-11D3-BF4B-00C04F79EFBC}") = "TableTools", "TableTools\TableTools.csproj", "{A473AE3A-3158-40C6-828F-1670583BA341}"
EndProject
Global
	GlobalSection(SolutionConfigurationPlatforms) = preSolution
		Debug|Any CPU = Debug|Any CPU
		Release|Any CPU = Release|Any CPU
	EndGlobalSection
	GlobalSection(ProjectConfigurationPlatforms) = postSolution
		{A473AE3A-3158-40C6-828F-1670583BA341}.Debug|Any CPU.ActiveCfg = Debug|Any CPU
		{A473AE3A-3158-40C6-828F-1670583BA341}.Debug|Any CPU.Build.0 = Debug|Any CPU
		{A473AE3A-3158-40C6-828F-1670583BA341}.Release|Any CPU.ActiveCfg = Release|Any CPU
		{A473AE3A-3158-40C6-828F-1670583BA341}.Release|Any CPU.Build.0 = Release|Any CPU
	EndGlobalSection
	GlobalSection(SolutionProperties) = preSolution
		HideSolutionNode = FALSE
	EndGlobalSection
	GlobalSection(ExtensibilityGlobals) = postSolution
		SolutionGuid = {9B9F7F65-2B73-462F-9519-96AD3A8FD0D4}
	EndGlobalSection
EndGlobal
